
Microsoft Visual Studio Solution File, Format Version 12.00
# Visual Studio Version 17
VisualStudioVersion = 17.3.32929.385
MinimumVisualStudioVersion = 10.0.40219.1
Project("{FAE04EC0-301F-11D3-BF4B-00C04F79EFBC}") = "WindowsService1", "WindowsService1\WindowsService1.csproj", "{35225C85-8D4D-4414-974C-9DD49B6C5F21}"
EndProject
Global
	GlobalSection(SolutionConfigurationPlatforms) = preSolution
		Debug|Any CPU = Debug|Any CPU
		Release|Any CPU = Release|Any CPU
	EndGlobalSection
	GlobalSection(ProjectConfigurationPlatforms) = postSolution
		{35225C85-8D4D-4414-974C-9DD49B6C5F21}.Debug|Any CPU.ActiveCfg = Debug|Any CPU
		{35225C85-8D4D-4414-974C-9DD49B6C5F21}.Debug|Any CPU.Build.0 = Debug|Any CPU
		{35225C85-8D4D-4414-974C-9DD49B6C5F21}.Release|Any CPU.ActiveCfg = Release|Any CPU
		{35225C85-8D4D-4414-974C-9DD49B6C5F21}.Release|Any CPU.Build.0 = Release|Any CPU
	EndGlobalSection
	GlobalSection(SolutionProperties) = preSolution
		HideSolutionNode = FALSE
	EndGlobalSection
	GlobalSection(ExtensibilityGlobals) = postSolution
		SolutionGuid = {C5B97385-1A3A-4A30-9BA7-88326DC91449}
	EndGlobalSection
EndGlobal
